// !$*UTF8*$!
{
	archiveVersion = 1;
	classes = {
	};
	objectVersion = 48;
	objects = {

/* Begin PBXBuildFile section */
		0433B415215E7D3F00FC4849 /* AppDelegate.swift in Sources */ = {isa = PBXBuildFile; fileRef = 0433B414215E7D3F00FC4849 /* AppDelegate.swift */; };
		0433B417215E7D3F00FC4849 /* ViewController.swift in Sources */ = {isa = PBXBuildFile; fileRef = 0433B416215E7D3F00FC4849 /* ViewController.swift */; };
		0433B41A215E7D3F00FC4849 /* Main.storyboard in Resources */ = {isa = PBXBuildFile; fileRef = 0433B418215E7D3F00FC4849 /* Main.storyboard */; };
		0433B41C215E7D3F00FC4849 /* Assets.xcassets in Resources */ = {isa = PBXBuildFile; fileRef = 0433B41B215E7D3F00FC4849 /* Assets.xcassets */; };
		0433B41F215E7D3F00FC4849 /* LaunchScreen.storyboard in Resources */ = {isa = PBXBuildFile; fileRef = 0433B41D215E7D3F00FC4849 /* LaunchScreen.storyboard */; };
		0433B42A215E7D3F00FC4849 /* Parse_ChatTests.swift in Sources */ = {isa = PBXBuildFile; fileRef = 0433B429215E7D3F00FC4849 /* Parse_ChatTests.swift */; };
		0433B435215E7D3F00FC4849 /* Parse_ChatUITests.swift in Sources */ = {isa = PBXBuildFile; fileRef = 0433B434215E7D3F00FC4849 /* Parse_ChatUITests.swift */; };
/* End PBXBuildFile section */

/* Begin PBXContainerItemProxy section */
		0433B426215E7D3F00FC4849 /* PBXContainerItemProxy */ = {
			isa = PBXContainerItemProxy;
			containerPortal = 0433B409215E7D3E00FC4849 /* Project object */;
			proxyType = 1;
			remoteGlobalIDString = 0433B410215E7D3E00FC4849;
			remoteInfo = "Parse Chat";
		};
		0433B431215E7D3F00FC4849 /* PBXContainerItemProxy */ = {
			isa = PBXContainerItemProxy;
			containerPortal = 0433B409215E7D3E00FC4849 /* Project object */;
			proxyType = 1;
			remoteGlobalIDString = 0433B410215E7D3E00FC4849;
			remoteInfo = "Parse Chat";
		};
/* End PBXContainerItemProxy section */

/* Begin PBXFileReference section */
		0433B411215E7D3F00FC4849 /* Parse Chat.app */ = {isa = PBXFileReference; explicitFileType = wrapper.application; includeInIndex = 0; path = "Parse Chat.app"; sourceTree = BUILT_PRODUCTS_DIR; };
		0433B414215E7D3F00FC4849 /* AppDelegate.swift */ = {isa = PBXFileReference; lastKnownFileType = sourcecode.swift; path = AppDelegate.swift; sourceTree = "<group>"; };
		0433B416215E7D3F00FC4849 /* ViewController.swift */ = {isa = PBXFileReference; lastKnownFileType = sourcecode.swift; path = ViewController.swift; sourceTree = "<group>"; };
		0433B419215E7D3F00FC4849 /* Base */ = {isa = PBXFileReference; lastKnownFileType = file.storyboard; name = Base; path = Base.lproj/Main.storyboard; sourceTree = "<group>"; };
		0433B41B215E7D3F00FC4849 /* Assets.xcassets */ = {isa = PBXFileReference; lastKnownFileType = folder.assetcatalog; path = Assets.xcassets; sourceTree = "<group>"; };
		0433B41E215E7D3F00FC4849 /* Base */ = {isa = PBXFileReference; lastKnownFileType = file.storyboard; name = Base; path = Base.lproj/LaunchScreen.storyboard; sourceTree = "<group>"; };
		0433B420215E7D3F00FC4849 /* Info.plist */ = {isa = PBXFileReference; lastKnownFileType = text.plist.xml; path = Info.plist; sourceTree = "<group>"; };
		0433B425215E7D3F00FC4849 /* Parse ChatTests.xctest */ = {isa = PBXFileReference; explicitFileType = wrapper.cfbundle; includeInIndex = 0; path = "Parse ChatTests.xctest"; sourceTree = BUILT_PRODUCTS_DIR; };
		0433B429215E7D3F00FC4849 /* Parse_ChatTests.swift */ = {isa = PBXFileReference; lastKnownFileType = sourcecode.swift; path = Parse_ChatTests.swift; sourceTree = "<group>"; };
		0433B42B215E7D3F00FC4849 /* Info.plist */ = {isa = PBXFileReference; lastKnownFileType = text.plist.xml; path = Info.plist; sourceTree = "<group>"; };
		0433B430215E7D3F00FC4849 /* Parse ChatUITests.xctest */ = {isa = PBXFileReference; explicitFileType = wrapper.cfbundle; includeInIndex = 0; path = "Parse ChatUITests.xctest"; sourceTree = BUILT_PRODUCTS_DIR; };
		0433B434215E7D3F00FC4849 /* Parse_ChatUITests.swift */ = {isa = PBXFileReference; lastKnownFileType = sourcecode.swift; path = Parse_ChatUITests.swift; sourceTree = "<group>"; };
		0433B436215E7D3F00FC4849 /* Info.plist */ = {isa = PBXFileReference; lastKnownFileType = text.plist.xml; path = Info.plist; sourceTree = "<group>"; };
/* End PBXFileReference section */

/* Begin PBXFrameworksBuildPhase section */
		0433B40E215E7D3E00FC4849 /* Frameworks */ = {
			isa = PBXFrameworksBuildPhase;
			buildActionMask = 2147483647;
			files = (
			);
			runOnlyForDeploymentPostprocessing = 0;
		};
		0433B422215E7D3F00FC4849 /* Frameworks */ = {
			isa = PBXFrameworksBuildPhase;
			buildActionMask = 2147483647;
			files = (
			);
			runOnlyForDeploymentPostprocessing = 0;
		};
		0433B42D215E7D3F00FC4849 /* Frameworks */ = {
			isa = PBXFrameworksBuildPhase;
			buildActionMask = 2147483647;
			files = (
			);
			runOnlyForDeploymentPostprocessing = 0;
		};
/* End PBXFrameworksBuildPhase section */

/* Begin PBXGroup section */
		0433B408215E7D3E00FC4849 = {
			isa = PBXGroup;
			children = (
				0433B413215E7D3F00FC4849 /* Parse Chat */,
				0433B428215E7D3F00FC4849 /* Parse ChatTests */,
				0433B433215E7D3F00FC4849 /* Parse ChatUITests */,
				0433B412215E7D3F00FC4849 /* Products */,
			);
			sourceTree = "<group>";
		};
		0433B412215E7D3F00FC4849 /* Products */ = {
			isa = PBXGroup;
			children = (
				0433B411215E7D3F00FC4849 /* Parse Chat.app */,
				0433B425215E7D3F00FC4849 /* Parse ChatTests.xctest */,
				0433B430215E7D3F00FC4849 /* Parse ChatUITests.xctest */,
			);
			name = Products;
			sourceTree = "<group>";
		};
		0433B413215E7D3F00FC4849 /* Parse Chat */ = {
			isa = PBXGroup;
			children = (
				0433B414215E7D3F00FC4849 /* AppDelegate.swift */,
				0433B416215E7D3F00FC4849 /* ViewController.swift */,
				0433B418215E7D3F00FC4849 /* Main.storyboard */,
				0433B41B215E7D3F00FC4849 /* Assets.xcassets */,
				0433B41D215E7D3F00FC4849 /* LaunchScreen.storyboard */,
				0433B420215E7D3F00FC4849 /* Info.plist */,
			);
			path = "Parse Chat";
			sourceTree = "<group>";
		};
		0433B428215E7D3F00FC4849 /* Parse ChatTests */ = {
			isa = PBXGroup;
			children = (
				0433B429215E7D3F00FC4849 /* Parse_ChatTests.swift */,
				0433B42B215E7D3F00FC4849 /* Info.plist */,
			);
			path = "Parse ChatTests";
			sourceTree = "<group>";
		};
		0433B433215E7D3F00FC4849 /* Parse ChatUITests */ = {
			isa = PBXGroup;
			children = (
				0433B434215E7D3F00FC4849 /* Parse_ChatUITests.swift */,
				0433B436215E7D3F00FC4849 /* Info.plist */,
			);
			path = "Parse ChatUITests";
			sourceTree = "<group>";
		};
/* End PBXGroup section */

/* Begin PBXNativeTarget section */
		0433B410215E7D3E00FC4849 /* Parse Chat */ = {
			isa = PBXNativeTarget;
			buildConfigurationList = 0433B439215E7D3F00FC4849 /* Build configuration list for PBXNativeTarget "Parse Chat" */;
			buildPhases = (
				0433B40D215E7D3E00FC4849 /* Sources */,
				0433B40E215E7D3E00FC4849 /* Frameworks */,
				0433B40F215E7D3E00FC4849 /* Resources */,
			);
			buildRules = (
			);
			dependencies = (
			);
			name = "Parse Chat";
			productName = "Parse Chat";
			productReference = 0433B411215E7D3F00FC4849 /* Parse Chat.app */;
			productType = "com.apple.product-type.application";
		};
		0433B424215E7D3F00FC4849 /* Parse ChatTests */ = {
			isa = PBXNativeTarget;
			buildConfigurationList = 0433B43C215E7D3F00FC4849 /* Build configuration list for PBXNativeTarget "Parse ChatTests" */;
			buildPhases = (
				0433B421215E7D3F00FC4849 /* Sources */,
				0433B422215E7D3F00FC4849 /* Frameworks */,
				0433B423215E7D3F00FC4849 /* Resources */,
			);
			buildRules = (
			);
			dependencies = (
				0433B427215E7D3F00FC4849 /* PBXTargetDependency */,
			);
			name = "Parse ChatTests";
			productName = "Parse ChatTests";
			productReference = 0433B425215E7D3F00FC4849 /* Parse ChatTests.xctest */;
			productType = "com.apple.product-type.bundle.unit-test";
		};
		0433B42F215E7D3F00FC4849 /* Parse ChatUITests */ = {
			isa = PBXNativeTarget;
			buildConfigurationList = 0433B43F215E7D3F00FC4849 /* Build configuration list for PBXNativeTarget "Parse ChatUITests" */;
			buildPhases = (
				0433B42C215E7D3F00FC4849 /* Sources */,
				0433B42D215E7D3F00FC4849 /* Frameworks */,
				0433B42E215E7D3F00FC4849 /* Resources */,
			);
			buildRules = (
			);
			dependencies = (
				0433B432215E7D3F00FC4849 /* PBXTargetDependency */,
			);
			name = "Parse ChatUITests";
			productName = "Parse ChatUITests";
			productReference = 0433B430215E7D3F00FC4849 /* Parse ChatUITests.xctest */;
			productType = "com.apple.product-type.bundle.ui-testing";
		};
/* End PBXNativeTarget section */

/* Begin PBXProject section */
		0433B409215E7D3E00FC4849 /* Project object */ = {
			isa = PBXProject;
			attributes = {
				LastSwiftUpdateCheck = 0920;
				LastUpgradeCheck = 0920;
				ORGANIZATIONNAME = "Roberto Bradley";
				TargetAttributes = {
					0433B410215E7D3E00FC4849 = {
						CreatedOnToolsVersion = 9.2;
						ProvisioningStyle = Automatic;
					};
					0433B424215E7D3F00FC4849 = {
						CreatedOnToolsVersion = 9.2;
						ProvisioningStyle = Automatic;
						TestTargetID = 0433B410215E7D3E00FC4849;
					};
					0433B42F215E7D3F00FC4849 = {
						CreatedOnToolsVersion = 9.2;
						ProvisioningStyle = Automatic;
						TestTargetID = 0433B410215E7D3E00FC4849;
					};
				};
			};
			buildConfigurationList = 0433B40C215E7D3E00FC4849 /* Build configuration list for PBXProject "Parse Chat" */;
			compatibilityVersion = "Xcode 8.0";
			developmentRegion = en;
			hasScannedForEncodings = 0;
			knownRegions = (
				en,
				Base,
			);
			mainGroup = 0433B408215E7D3E00FC4849;
			productRefGroup = 0433B412215E7D3F00FC4849 /* Products */;
			projectDirPath = "";
			projectRoot = "";
			targets = (
				0433B410215E7D3E00FC4849 /* Parse Chat */,
				0433B424215E7D3F00FC4849 /* Parse ChatTests */,
				0433B42F215E7D3F00FC4849 /* Parse ChatUITests */,
			);
		};
/* End PBXProject section */

/* Begin PBXResourcesBuildPhase section */
		0433B40F215E7D3E00FC4849 /* Resources */ = {
			isa = PBXResourcesBuildPhase;
			buildActionMask = 2147483647;
			files = (
				0433B41F215E7D3F00FC4849 /* LaunchScreen.storyboard in Resources */,
				0433B41C215E7D3F00FC4849 /* Assets.xcassets in Resources */,
				0433B41A215E7D3F00FC4849 /* Main.storyboard in Resources */,
			);
			runOnlyForDeploymentPostprocessing = 0;
		};
		0433B423215E7D3F00FC4849 /* Resources */ = {
			isa = PBXResourcesBuildPhase;
			buildActionMask = 2147483647;
			files = (
			);
			runOnlyForDeploymentPostprocessing = 0;
		};
		0433B42E215E7D3F00FC4849 /* Resources */ = {
			isa = PBXResourcesBuildPhase;
			buildActionMask = 2147483647;
			files = (
			);
			runOnlyForDeploymentPostprocessing = 0;
		};
/* End PBXResourcesBuildPhase section */

/* Begin PBXSourcesBuildPhase section */
		0433B40D215E7D3E00FC4849 /* Sources */ = {
			isa = PBXSourcesBuildPhase;
			buildActionMask = 2147483647;
			files = (
				0433B417215E7D3F00FC4849 /* ViewController.swift in Sources */,
				0433B415215E7D3F00FC4849 /* AppDelegate.swift in Sources */,
			);
			runOnlyForDeploymentPostprocessing = 0;
		};
		0433B421215E7D3F00FC4849 /* Sources */ = {
			isa = PBXSourcesBuildPhase;
			buildActionMask = 2147483647;
			files = (
				0433B42A215E7D3F00FC4849 /* Parse_ChatTests.swift in Sources */,
			);
			runOnlyForDeploymentPostprocessing = 0;
		};
		0433B42C215E7D3F00FC4849 /* Sources */ = {
			isa = PBXSourcesBuildPhase;
			buildActionMask = 2147483647;
			files = (
				0433B435215E7D3F00FC4849 /* Parse_ChatUITests.swift in Sources */,
			);
			runOnlyForDeploymentPostprocessing = 0;
		};
/* End PBXSourcesBuildPhase section */

/* Begin PBXTargetDependency section */
		0433B427215E7D3F00FC4849 /* PBXTargetDependency */ = {
			isa = PBXTargetDependency;
			target = 0433B410215E7D3E00FC4849 /* Parse Chat */;
			targetProxy = 0433B426215E7D3F00FC4849 /* PBXContainerItemProxy */;
		};
		0433B432215E7D3F00FC4849 /* PBXTargetDependency */ = {
			isa = PBXTargetDependency;
			target = 0433B410215E7D3E00FC4849 /* Parse Chat */;
			targetProxy = 0433B431215E7D3F00FC4849 /* PBXContainerItemProxy */;
		};
/* End PBXTargetDependency section */

/* Begin PBXVariantGroup section */
		0433B418215E7D3F00FC4849 /* Main.storyboard */ = {
			isa = PBXVariantGroup;
			children = (
				0433B419215E7D3F00FC4849 /* Base */,
			);
			name = Main.storyboard;
			sourceTree = "<group>";
		};
		0433B41D215E7D3F00FC4849 /* LaunchScreen.storyboard */ = {
			isa = PBXVariantGroup;
			children = (
				0433B41E215E7D3F00FC4849 /* Base */,
			);
			name = LaunchScreen.storyboard;
			sourceTree = "<group>";
		};
/* End PBXVariantGroup section */

/* Begin XCBuildConfiguration section */
		0433B437215E7D3F00FC4849 /* Debug */ = {
			isa = XCBuildConfiguration;
			buildSettings = {
				ALWAYS_SEARCH_USER_PATHS = NO;
				CLANG_ANALYZER_NONNULL = YES;
				CLANG_ANALYZER_NUMBER_OBJECT_CONVERSION = YES_AGGRESSIVE;
				CLANG_CXX_LANGUAGE_STANDARD = "gnu++14";
				CLANG_CXX_LIBRARY = "libc++";
				CLANG_ENABLE_MODULES = YES;
				CLANG_ENABLE_OBJC_ARC = YES;
				CLANG_WARN_BLOCK_CAPTURE_AUTORELEASING = YES;
				CLANG_WARN_BOOL_CONVERSION = YES;
				CLANG_WARN_COMMA = YES;
				CLANG_WARN_CONSTANT_CONVERSION = YES;
				CLANG_WARN_DIRECT_OBJC_ISA_USAGE = YES_ERROR;
				CLANG_WARN_DOCUMENTATION_COMMENTS = YES;
				CLANG_WARN_EMPTY_BODY = YES;
				CLANG_WARN_ENUM_CONVERSION = YES;
				CLANG_WARN_INFINITE_RECURSION = YES;
				CLANG_WARN_INT_CONVERSION = YES;
				CLANG_WARN_NON_LITERAL_NULL_CONVERSION = YES;
				CLANG_WARN_OBJC_LITERAL_CONVERSION = YES;
				CLANG_WARN_OBJC_ROOT_CLASS = YES_ERROR;
				CLANG_WARN_RANGE_LOOP_ANALYSIS = YES;
				CLANG_WARN_STRICT_PROTOTYPES = YES;
				CLANG_WARN_SUSPICIOUS_MOVE = YES;
				CLANG_WARN_UNGUARDED_AVAILABILITY = YES_AGGRESSIVE;
				CLANG_WARN_UNREACHABLE_CODE = YES;
				CLANG_WARN__DUPLICATE_METHOD_MATCH = YES;
				CODE_SIGN_IDENTITY = "iPhone Developer";
				COPY_PHASE_STRIP = NO;
				DEBUG_INFORMATION_FORMAT = dwarf;
				ENABLE_STRICT_OBJC_MSGSEND = YES;
				ENABLE_TESTABILITY = YES;
				GCC_C_LANGUAGE_STANDARD = gnu11;
				GCC_DYNAMIC_NO_PIC = NO;
				GCC_NO_COMMON_BLOCKS = YES;
				GCC_OPTIMIZATION_LEVEL = 0;
				GCC_PREPROCESSOR_DEFINITIONS = (
					"DEBUG=1",
					"$(inherited)",
				);
				GCC_WARN_64_TO_32_BIT_CONVERSION = YES;
				GCC_WARN_ABOUT_RETURN_TYPE = YES_ERROR;
				GCC_WARN_UNDECLARED_SELECTOR = YES;
				GCC_WARN_UNINITIALIZED_AUTOS = YES_AGGRESSIVE;
				GCC_WARN_UNUSED_FUNCTION = YES;
				GCC_WARN_UNUSED_VARIABLE = YES;
				IPHONEOS_DEPLOYMENT_TARGET = 11.2;
				MTL_ENABLE_DEBUG_INFO = YES;
				ONLY_ACTIVE_ARCH = YES;
				SDKROOT = iphoneos;
				SWIFT_ACTIVE_COMPILATION_CONDITIONS = DEBUG;
				SWIFT_OPTIMIZATION_LEVEL = "-Onone";
			};
			name = Debug;
		};
		0433B438215E7D3F00FC4849 /* Release */ = {
			isa = XCBuildConfiguration;
			buildSettings = {
				ALWAYS_SEARCH_USER_PATHS = NO;
				CLANG_ANALYZER_NONNULL = YES;
				CLANG_ANALYZER_NUMBER_OBJECT_CONVERSION = YES_AGGRESSIVE;
				CLANG_CXX_LANGUAGE_STANDARD = "gnu++14";
				CLANG_CXX_LIBRARY = "libc++";
				CLANG_ENABLE_MODULES = YES;
				CLANG_ENABLE_OBJC_ARC = YES;
				CLANG_WARN_BLOCK_CAPTURE_AUTORELEASING = YES;
				CLANG_WARN_BOOL_CONVERSION = YES;
				CLANG_WARN_COMMA = YES;
				CLANG_WARN_CONSTANT_CONVERSION = YES;
				CLANG_WARN_DIRECT_OBJC_ISA_USAGE = YES_ERROR;
				CLANG_WARN_DOCUMENTATION_COMMENTS = YES;
				CLANG_WARN_EMPTY_BODY = YES;
				CLANG_WARN_ENUM_CONVERSION = YES;
				CLANG_WARN_INFINITE_RECURSION = YES;
				CLANG_WARN_INT_CONVERSION = YES;
				CLANG_WARN_NON_LITERAL_NULL_CONVERSION = YES;
				CLANG_WARN_OBJC_LITERAL_CONVERSION = YES;
				CLANG_WARN_OBJC_ROOT_CLASS = YES_ERROR;
				CLANG_WARN_RANGE_LOOP_ANALYSIS = YES;
				CLANG_WARN_STRICT_PROTOTYPES = YES;
				CLANG_WARN_SUSPICIOUS_MOVE = YES;
				CLANG_WARN_UNGUARDED_AVAILABILITY = YES_AGGRESSIVE;
				CLANG_WARN_UNREACHABLE_CODE = YES;
				CLANG_WARN__DUPLICATE_METHOD_MATCH = YES;
				CODE_SIGN_IDENTITY = "iPhone Developer";
				COPY_PHASE_STRIP = NO;
				DEBUG_INFORMATION_FORMAT = "dwarf-with-dsym";
				ENABLE_NS_ASSERTIONS = NO;
				ENABLE_STRICT_OBJC_MSGSEND = YES;
				GCC_C_LANGUAGE_STANDARD = gnu11;
				GCC_NO_COMMON_BLOCKS = YES;
				GCC_WARN_64_TO_32_BIT_CONVERSION = YES;
				GCC_WARN_ABOUT_RETURN_TYPE = YES_ERROR;
				GCC_WARN_UNDECLARED_SELECTOR = YES;
				GCC_WARN_UNINITIALIZED_AUTOS = YES_AGGRESSIVE;
				GCC_WARN_UNUSED_FUNCTION = YES;
				GCC_WARN_UNUSED_VARIABLE = YES;
				IPHONEOS_DEPLOYMENT_TARGET = 11.2;
				MTL_ENABLE_DEBUG_INFO = NO;
				SDKROOT = iphoneos;
				SWIFT_OPTIMIZATION_LEVEL = "-Owholemodule";
				VALIDATE_PRODUCT = YES;
			};
			name = Release;
		};
		0433B43A215E7D3F00FC4849 /* Debug */ = {
			isa = XCBuildConfiguration;
			buildSettings = {
				ASSETCATALOG_COMPILER_APPICON_NAME = AppIcon;
				CODE_SIGN_STYLE = Automatic;
				INFOPLIST_FILE = "Parse Chat/Info.plist";
				LD_RUNPATH_SEARCH_PATHS = "$(inherited) @executable_path/Frameworks";
				PRODUCT_BUNDLE_IDENTIFIER = "rbradley.Parse-Chat";
				PRODUCT_NAME = "$(TARGET_NAME)";
				SWIFT_VERSION = 4.0;
				TARGETED_DEVICE_FAMILY = "1,2";
			};
			name = Debug;
		};
		0433B43B215E7D3F00FC4849 /* Release */ = {
			isa = XCBuildConfiguration;
			buildSettings = {
				ASSETCATALOG_COMPILER_APPICON_NAME = AppIcon;
				CODE_SIGN_STYLE = Automatic;
				INFOPLIST_FILE = "Parse Chat/Info.plist";
				LD_RUNPATH_SEARCH_PATHS = "$(inherited) @executable_path/Frameworks";
				PRODUCT_BUNDLE_IDENTIFIER = "rbradley.Parse-Chat";
				PRODUCT_NAME = "$(TARGET_NAME)";
				SWIFT_VERSION = 4.0;
				TARGETED_DEVICE_FAMILY = "1,2";
			};
			name = Release;
		};
		0433B43D215E7D3F00FC4849 /* Debug */ = {
			isa = XCBuildConfiguration;
			buildSettings = {
				ALWAYS_EMBED_SWIFT_STANDARD_LIBRARIES = YES;
				BUNDLE_LOADER = "$(TEST_HOST)";
				CODE_SIGN_STYLE = Automatic;
				INFOPLIST_FILE = "Parse ChatTests/Info.plist";
				LD_RUNPATH_SEARCH_PATHS = "$(inherited) @executable_path/Frameworks @loader_path/Frameworks";
				PRODUCT_BUNDLE_IDENTIFIER = "rbradley.Parse-ChatTests";
				PRODUCT_NAME = "$(TARGET_NAME)";
				SWIFT_VERSION = 4.0;
				TARGETED_DEVICE_FAMILY = "1,2";
				TEST_HOST = "$(BUILT_PRODUCTS_DIR)/Parse Chat.app/Parse Chat";
			};
			name = Debug;
		};
		0433B43E215E7D3F00FC4849 /* Release */ = {
			isa = XCBuildConfiguration;
			buildSettings = {
				ALWAYS_EMBED_SWIFT_STANDARD_LIBRARIES = YES;
				BUNDLE_LOADER = "$(TEST_HOST)";
				CODE_SIGN_STYLE = Automatic;
				INFOPLIST_FILE = "Parse ChatTests/Info.plist";
				LD_RUNPATH_SEARCH_PATHS = "$(inherited) @executable_path/Frameworks @loader_path/Frameworks";
				PRODUCT_BUNDLE_IDENTIFIER = "rbradley.Parse-ChatTests";
				PRODUCT_NAME = "$(TARGET_NAME)";
				SWIFT_VERSION = 4.0;
				TARGETED_DEVICE_FAMILY = "1,2";
				TEST_HOST = "$(BUILT_PRODUCTS_DIR)/Parse Chat.app/Parse Chat";
			};
			name = Release;
		};
		0433B440215E7D3F00FC4849 /* Debug */ = {
			isa = XCBuildConfiguration;
			buildSettings = {
				ALWAYS_EMBED_SWIFT_STANDARD_LIBRARIES = YES;
				CODE_SIGN_STYLE = Automatic;
				INFOPLIST_FILE = "Parse ChatUITests/Info.plist";
				LD_RUNPATH_SEARCH_PATHS = "$(inherited) @executable_path/Frameworks @loader_path/Frameworks";
				PRODUCT_BUNDLE_IDENTIFIER = "rbradley.Parse-ChatUITests";
				PRODUCT_NAME = "$(TARGET_NAME)";
				SWIFT_VERSION = 4.0;
				TARGETED_DEVICE_FAMILY = "1,2";
				TEST_TARGET_NAME = "Parse Chat";
			};
			name = Debug;
		};
		0433B441215E7D3F00FC4849 /* Release */ = {
			isa = XCBuildConfiguration;
			buildSettings = {
				ALWAYS_EMBED_SWIFT_STANDARD_LIBRARIES = YES;
				CODE_SIGN_STYLE = Automatic;
				INFOPLIST_FILE = "Parse ChatUITests/Info.plist";
				LD_RUNPATH_SEARCH_PATHS = "$(inherited) @executable_path/Frameworks @loader_path/Frameworks";
				PRODUCT_BUNDLE_IDENTIFIER = "rbradley.Parse-ChatUITests";
				PRODUCT_NAME = "$(TARGET_NAME)";
				SWIFT_VERSION = 4.0;
				TARGETED_DEVICE_FAMILY = "1,2";
				TEST_TARGET_NAME = "Parse Chat";
			};
			name = Release;
		};
/* End XCBuildConfiguration section */

/* Begin XCConfigurationList section */
		0433B40C215E7D3E00FC4849 /* Build configuration list for PBXProject "Parse Chat" */ = {
			isa = XCConfigurationList;
			buildConfigurations = (
				0433B437215E7D3F00FC4849 /* Debug */,
				0433B438215E7D3F00FC4849 /* Release */,
			);
			defaultConfigurationIsVisible = 0;
			defaultConfigurationName = Release;
		};
		0433B439215E7D3F00FC4849 /* Build configuration list for PBXNativeTarget "Parse Chat" */ = {
			isa = XCConfigurationList;
			buildConfigurations = (
				0433B43A215E7D3F00FC4849 /* Debug */,
				0433B43B215E7D3F00FC4849 /* Release */,
			);
			defaultConfigurationIsVisible = 0;
			defaultConfigurationName = Release;
		};
		0433B43C215E7D3F00FC4849 /* Build configuration list for PBXNativeTarget "Parse ChatTests" */ = {
			isa = XCConfigurationList;
			buildConfigurations = (
				0433B43D215E7D3F00FC4849 /* Debug */,
				0433B43E215E7D3F00FC4849 /* Release */,
			);
			defaultConfigurationIsVisible = 0;
			defaultConfigurationName = Release;
		};
		0433B43F215E7D3F00FC4849 /* Build configuration list for PBXNativeTarget "Parse ChatUITests" */ = {
			isa = XCConfigurationList;
			buildConfigurations = (
				0433B440215E7D3F00FC4849 /* Debug */,
				0433B441215E7D3F00FC4849 /* Release */,
			);
			defaultConfigurationIsVisible = 0;
			defaultConfigurationName = Release;
		};
/* End XCConfigurationList section */
	};
	rootObject = 0433B409215E7D3E00FC4849 /* Project object */;
}
